<?xml version="1.0" encoding="utf-8"?>
<Project ToolsVersion="4.0" xmlns="http://schemas.microsoft.com/developer/msbuild/2003">
  <ItemGroup>
    <Filter Include="Source Files">
      <UniqueIdentifier>{4FC737F1-C7A5-4376-A066-2A32D752A2FF}</UniqueIdentifier>
      <Extensions>cpp;c;cc;cxx;c++;cppm;ixx;def;odl;idl;hpj;bat;asm;asmx</Extensions>
    </Filter>
  </ItemGroup>
  <ItemGroup>
    <ClCompile Include="Main.cpp">
      <Filter>Source Files</Filter>
    </ClCompile>
    <ClCompile Include="SourceFiles\Free.cpp">
      <Filter>Source Files</Filter>
    </ClCompile>
    <ClCompile Include="SourceFiles\Used.cpp">
      <Filter>Source Files</Filter>
    </ClCompile>
    <ClCompile Include="SourceFiles\Heap.cpp">
      <Filter>Source Files</Filter>
    </ClCompile>
    <ClCompile Include="SourceFiles\Mem.cpp">
      <Filter>Source Files</Filter>
    </ClCompile>
    <ClCompile Include="Tests\MemGaurd.cpp">
      <Filter>Source Files</Filter>
    </ClCompile>
  </ItemGroup>
  <ItemGroup>
    <ClInclude Include="SourceFiles\Free.h">
      <Filter>Source Files</Filter>
    </ClInclude>
    <ClInclude Include="SourceFiles\Type.h">
      <Filter>Source Files</Filter>
    </ClInclude>
    <ClInclude Include="SourceFiles\Used.h">
      <Filter>Source Files</Filter>
    </ClInclude>
    <ClInclude Include="SourceFiles\Heap.h">
      <Filter>Source Files</Filter>
    </ClInclude>
    <ClInclude Include="SourceFiles\Mem.h">
      <Filter>Source Files</Filter>
    </ClInclude>
  </ItemGroup>
</Project>